{
  "version": 4,
  "terraform_version": "1.12.2",
  "serial": 183,
  "lineage": "540659b5-3bfd-ad67-fb1a-1df5969fea2e",
  "outputs": {},
  "resources": [
    {
      "mode": "managed",
      "type": "azurerm_databricks_workspace",
      "name": "ws",
      "provider": "provider[\"registry.terraform.io/hashicorp/azurerm\"]",
      "instances": [
        {
          "schema_version": 0,
          "attributes": {
            "access_connector_id": null,
            "custom_parameters": [
              {
                "machine_learning_workspace_id": "",
                "nat_gateway_name": "",
                "no_public_ip": true,
                "private_subnet_name": "private",
                "private_subnet_network_security_group_association_id": "/subscriptions/edd4cc45-85c7-4aec-8bf5-648062d519bf/resourceGroups/rg-dbw/providers/Microsoft.Network/virtualNetworks/vnet-dbw/subnets/private",
                "public_ip_name": "",
                "public_subnet_name": "public",
                "public_subnet_network_security_group_association_id": "/subscriptions/edd4cc45-85c7-4aec-8bf5-648062d519bf/resourceGroups/rg-dbw/providers/Microsoft.Network/virtualNetworks/vnet-dbw/subnets/public",
                "storage_account_name": "dbstoraged65vyvkrdq5zy",
                "storage_account_sku_name": "Standard_GRS",
                "virtual_network_id": "/subscriptions/edd4cc45-85c7-4aec-8bf5-648062d519bf/resourceGroups/rg-dbw/providers/Microsoft.Network/virtualNetworks/vnet-dbw",
                "vnet_address_prefix": ""
              }
            ],
            "customer_managed_key_enabled": false,
            "default_storage_firewall_enabled": null,
            "disk_encryption_set_id": "",
            "enhanced_security_compliance": [],
            "id": "/subscriptions/edd4cc45-85c7-4aec-8bf5-648062d519bf/resourceGroups/rg-dbw/providers/Microsoft.Databricks/workspaces/dbw-standard",
            "infrastructure_encryption_enabled": false,
            "load_balancer_backend_address_pool_id": "",
            "location": "eastus",
            "managed_disk_cmk_key_vault_id": "",
            "managed_disk_cmk_key_vault_key_id": "",
            "managed_disk_cmk_rotation_to_latest_version_enabled": false,
            "managed_disk_identity": [],
            "managed_resource_group_id": "/subscriptions/edd4cc45-85c7-4aec-8bf5-648062d519bf/resourceGroups/rg-dbw-managed",
            "managed_resource_group_name": "rg-dbw-managed",
            "managed_services_cmk_key_vault_id": "",
            "managed_services_cmk_key_vault_key_id": "",
            "name": "dbw-standard",
            "network_security_group_rules_required": "NoAzureDatabricksRules",
            "public_network_access_enabled": false,
            "resource_group_name": "rg-dbw",
            "sku": "premium",
            "storage_account_identity": [],
            "tags": null,
            "timeouts": null,
            "workspace_id": "3933944746603720",
            "workspace_url": "adb-3933944746603720.0.azuredatabricks.net"
          },
          "sensitive_attributes": [],
          "identity_schema_version": 0,
          "private": "eyJlMmJmYjczMC1lY2FhLTExZTYtOGY4OC0zNDM2M2JjN2M0YzAiOnsiY3JlYXRlIjoxODAwMDAwMDAwMDAwLCJkZWxldGUiOjE4MDAwMDAwMDAwMDAsInJlYWQiOjMwMDAwMDAwMDAwMCwidXBkYXRlIjoxODAwMDAwMDAwMDAwfX0=",
          "dependencies": [
            "azurerm_network_security_group.private",
            "azurerm_network_security_group.public",
            "azurerm_resource_group.ws_rg",
            "azurerm_subnet.ws_subnet",
            "azurerm_subnet_network_security_group_association.private",
            "azurerm_subnet_network_security_group_association.public",
            "azurerm_virtual_network.ws_vnet"
          ]
        }
      ]
    },
    {
      "mode": "managed",
      "type": "azurerm_databricks_workspace",
      "name": "ws_web_auth",
      "provider": "provider[\"registry.terraform.io/hashicorp/azurerm\"]",
      "instances": [
        {
          "schema_version": 0,
          "attributes": {
            "access_connector_id": null,
            "custom_parameters": [
              {
                "machine_learning_workspace_id": "",
                "nat_gateway_name": "",
                "no_public_ip": true,
                "private_subnet_name": "private",
                "private_subnet_network_security_group_association_id": "/subscriptions/edd4cc45-85c7-4aec-8bf5-648062d519bf/resourceGroups/rg-transit/providers/Microsoft.Network/virtualNetworks/vnet-transit/subnets/private",
                "public_ip_name": "",
                "public_subnet_name": "public",
                "public_subnet_network_security_group_association_id": "/subscriptions/edd4cc45-85c7-4aec-8bf5-648062d519bf/resourceGroups/rg-transit/providers/Microsoft.Network/virtualNetworks/vnet-transit/subnets/public",
                "storage_account_name": "dbstorageryqmiehrggpfk",
                "storage_account_sku_name": "Standard_GRS",
                "virtual_network_id": "/subscriptions/edd4cc45-85c7-4aec-8bf5-648062d519bf/resourceGroups/rg-transit/providers/Microsoft.Network/virtualNetworks/vnet-transit",
                "vnet_address_prefix": ""
              }
            ],
            "customer_managed_key_enabled": false,
            "default_storage_firewall_enabled": null,
            "disk_encryption_set_id": "",
            "enhanced_security_compliance": [],
            "id": "/subscriptions/edd4cc45-85c7-4aec-8bf5-648062d519bf/resourceGroups/rg-transit/providers/Microsoft.Databricks/workspaces/dbw-auth",
            "infrastructure_encryption_enabled": false,
            "load_balancer_backend_address_pool_id": "",
            "location": "eastus",
            "managed_disk_cmk_key_vault_id": "",
            "managed_disk_cmk_key_vault_key_id": "",
            "managed_disk_cmk_rotation_to_latest_version_enabled": false,
            "managed_disk_identity": [],
            "managed_resource_group_id": "/subscriptions/edd4cc45-85c7-4aec-8bf5-648062d519bf/resourceGroups/rg-dbw-auth-managed",
            "managed_resource_group_name": "rg-dbw-auth-managed",
            "managed_services_cmk_key_vault_id": "",
            "managed_services_cmk_key_vault_key_id": "",
            "name": "dbw-auth",
            "network_security_group_rules_required": "NoAzureDatabricksRules",
            "public_network_access_enabled": false,
            "resource_group_name": "rg-transit",
            "sku": "premium",
            "storage_account_identity": [],
            "tags": null,
            "timeouts": null,
            "workspace_id": "843394731732343",
            "workspace_url": "adb-843394731732343.3.azuredatabricks.net"
          },
          "sensitive_attributes": [],
          "identity_schema_version": 0,
          "private": "eyJlMmJmYjczMC1lY2FhLTExZTYtOGY4OC0zNDM2M2JjN2M0YzAiOnsiY3JlYXRlIjoxODAwMDAwMDAwMDAwLCJkZWxldGUiOjE4MDAwMDAwMDAwMDAsInJlYWQiOjMwMDAwMDAwMDAwMCwidXBkYXRlIjoxODAwMDAwMDAwMDAwfX0=",
          "dependencies": [
            "azurerm_network_security_group.transit",
            "azurerm_resource_group.tr_rg",
            "azurerm_subnet.tr_subnet",
            "azurerm_subnet_network_security_group_association.tr_private",
            "azurerm_subnet_network_security_group_association.tr_public",
            "azurerm_virtual_network.tr_vnet"
          ]
        }
      ]
    },
    {
      "mode": "managed",
      "type": "azurerm_network_interface",
      "name": "vm_nic",
      "provider": "provider[\"registry.terraform.io/hashicorp/azurerm\"]",
      "instances": [
        {
          "schema_version": 0,
          "attributes": {
            "accelerated_networking_enabled": false,
            "applied_dns_servers": [],
            "auxiliary_mode": "",
            "auxiliary_sku": "",
            "dns_servers": null,
            "edge_zone": "",
            "id": "/subscriptions/edd4cc45-85c7-4aec-8bf5-648062d519bf/resourceGroups/rg-transit/providers/Microsoft.Network/networkInterfaces/nic-rdp-test",
            "internal_dns_name_label": "",
            "internal_domain_name_suffix": "b5cgb4314zyu3oakjcat15uhrd.bx.internal.cloudapp.net",
            "ip_configuration": [
              {
                "gateway_load_balancer_frontend_ip_configuration_id": "",
                "name": "internal",
                "primary": true,
                "private_ip_address": "10.2.2.4",
                "private_ip_address_allocation": "Dynamic",
                "private_ip_address_version": "IPv4",
                "public_ip_address_id": "",
                "subnet_id": "/subscriptions/edd4cc45-85c7-4aec-8bf5-648062d519bf/resourceGroups/rg-transit/providers/Microsoft.Network/virtualNetworks/vnet-transit/subnets/subnet-transit-vm"
              }
            ],
            "ip_forwarding_enabled": false,
            "location": "eastus",
            "mac_address": "",
            "name": "nic-rdp-test",
            "private_ip_address": "10.2.2.4",
            "private_ip_addresses": [
              "10.2.2.4"
            ],
            "resource_group_name": "rg-transit",
            "tags": null,
            "timeouts": null,
            "virtual_machine_id": ""
          },
          "sensitive_attributes": [],
          "identity_schema_version": 0,
          "identity": {
            "name": "nic-rdp-test",
            "resource_group_name": "rg-transit",
            "subscription_id": "edd4cc45-85c7-4aec-8bf5-648062d519bf"
          },
          "private": "eyJlMmJmYjczMC1lY2FhLTExZTYtOGY4OC0zNDM2M2JjN2M0YzAiOnsiY3JlYXRlIjoxODAwMDAwMDAwMDAwLCJkZWxldGUiOjE4MDAwMDAwMDAwMDAsInJlYWQiOjMwMDAwMDAwMDAwMCwidXBkYXRlIjoxODAwMDAwMDAwMDAwfX0=",
          "dependencies": [
            "azurerm_resource_group.tr_rg",
            "azurerm_subnet.tr_vm_subnet",
            "azurerm_virtual_network.tr_vnet"
          ]
        }
      ]
    },
    {
      "mode": "managed",
      "type": "azurerm_network_interface_security_group_association",
      "name": "vm_nic_assoc",
      "provider": "provider[\"registry.terraform.io/hashicorp/azurerm\"]",
      "instances": [
        {
          "schema_version": 0,
          "attributes": {
            "id": "/subscriptions/edd4cc45-85c7-4aec-8bf5-648062d519bf/resourceGroups/rg-transit/providers/Microsoft.Network/networkInterfaces/nic-rdp-test|/subscriptions/edd4cc45-85c7-4aec-8bf5-648062d519bf/resourceGroups/rg-transit/providers/Microsoft.Network/networkSecurityGroups/nsg-rdp",
            "network_interface_id": "/subscriptions/edd4cc45-85c7-4aec-8bf5-648062d519bf/resourceGroups/rg-transit/providers/Microsoft.Network/networkInterfaces/nic-rdp-test",
            "network_security_group_id": "/subscriptions/edd4cc45-85c7-4aec-8bf5-648062d519bf/resourceGroups/rg-transit/providers/Microsoft.Network/networkSecurityGroups/nsg-rdp",
            "timeouts": null
          },
          "sensitive_attributes": [],
          "identity_schema_version": 0,
          "private": "eyJlMmJmYjczMC1lY2FhLTExZTYtOGY4OC0zNDM2M2JjN2M0YzAiOnsiY3JlYXRlIjoxODAwMDAwMDAwMDAwLCJkZWxldGUiOjE4MDAwMDAwMDAwMDAsInJlYWQiOjMwMDAwMDAwMDAwMH19",
          "dependencies": [
            "azurerm_network_interface.vm_nic",
            "azurerm_network_security_group.vm_nsg",
            "azurerm_resource_group.tr_rg",
            "azurerm_subnet.tr_vm_subnet",
            "azurerm_virtual_network.tr_vnet"
          ]
        }
      ]
    },
    {
      "mode": "managed",
      "type": "azurerm_network_security_group",
      "name": "private",
      "provider": "provider[\"registry.terraform.io/hashicorp/azurerm\"]",
      "instances": [
        {
          "schema_version": 0,
          "attributes": {
            "id": "/subscriptions/edd4cc45-85c7-4aec-8bf5-648062d519bf/resourceGroups/rg-dbw/providers/Microsoft.Network/networkSecurityGroups/nsg-private",
            "location": "eastus",
            "name": "nsg-private",
            "resource_group_name": "rg-dbw",
            "security_rule": [],
            "tags": null,
            "timeouts": null
          },
          "sensitive_attributes": [],
          "identity_schema_version": 0,
          "identity": {
            "name": "nsg-private",
            "resource_group_name": "rg-dbw",
            "subscription_id": "edd4cc45-85c7-4aec-8bf5-648062d519bf"
          },
          "private": "eyJlMmJmYjczMC1lY2FhLTExZTYtOGY4OC0zNDM2M2JjN2M0YzAiOnsiY3JlYXRlIjoxODAwMDAwMDAwMDAwLCJkZWxldGUiOjE4MDAwMDAwMDAwMDAsInJlYWQiOjMwMDAwMDAwMDAwMCwidXBkYXRlIjoxODAwMDAwMDAwMDAwfX0=",
          "dependencies": [
            "azurerm_resource_group.ws_rg"
          ]
        }
      ]
    },
    {
      "mode": "managed",
      "type": "azurerm_network_security_group",
      "name": "public",
      "provider": "provider[\"registry.terraform.io/hashicorp/azurerm\"]",
      "instances": [
        {
          "schema_version": 0,
          "attributes": {
            "id": "/subscriptions/edd4cc45-85c7-4aec-8bf5-648062d519bf/resourceGroups/rg-dbw/providers/Microsoft.Network/networkSecurityGroups/nsg-public",
            "location": "eastus",
            "name": "nsg-public",
            "resource_group_name": "rg-dbw",
            "security_rule": [],
            "tags": null,
            "timeouts": null
          },
          "sensitive_attributes": [],
          "identity_schema_version": 0,
          "identity": {
            "name": "nsg-public",
            "resource_group_name": "rg-dbw",
            "subscription_id": "edd4cc45-85c7-4aec-8bf5-648062d519bf"
          },
          "private": "eyJlMmJmYjczMC1lY2FhLTExZTYtOGY4OC0zNDM2M2JjN2M0YzAiOnsiY3JlYXRlIjoxODAwMDAwMDAwMDAwLCJkZWxldGUiOjE4MDAwMDAwMDAwMDAsInJlYWQiOjMwMDAwMDAwMDAwMCwidXBkYXRlIjoxODAwMDAwMDAwMDAwfX0=",
          "dependencies": [
            "azurerm_resource_group.ws_rg"
          ]
        }
      ]
    },
    {
      "mode": "managed",
      "type": "azurerm_network_security_group",
      "name": "transit",
      "provider": "provider[\"registry.terraform.io/hashicorp/azurerm\"]",
      "instances": [
        {
          "schema_version": 0,
          "attributes": {
            "id": "/subscriptions/edd4cc45-85c7-4aec-8bf5-648062d519bf/resourceGroups/rg-transit/providers/Microsoft.Network/networkSecurityGroups/nsg-transit",
            "location": "eastus",
            "name": "nsg-transit",
            "resource_group_name": "rg-transit",
            "security_rule": [],
            "tags": null,
            "timeouts": null
          },
          "sensitive_attributes": [],
          "identity_schema_version": 0,
          "identity": {
            "name": "nsg-transit",
            "resource_group_name": "rg-transit",
            "subscription_id": "edd4cc45-85c7-4aec-8bf5-648062d519bf"
          },
          "private": "eyJlMmJmYjczMC1lY2FhLTExZTYtOGY4OC0zNDM2M2JjN2M0YzAiOnsiY3JlYXRlIjoxODAwMDAwMDAwMDAwLCJkZWxldGUiOjE4MDAwMDAwMDAwMDAsInJlYWQiOjMwMDAwMDAwMDAwMCwidXBkYXRlIjoxODAwMDAwMDAwMDAwfX0=",
          "dependencies": [
            "azurerm_resource_group.tr_rg"
          ]
        }
      ]
    },
    {
      "mode": "managed",
      "type": "azurerm_network_security_group",
      "name": "vm_nsg",
      "provider": "provider[\"registry.terraform.io/hashicorp/azurerm\"]",
      "instances": [
        {
          "schema_version": 0,
          "attributes": {
            "id": "/subscriptions/edd4cc45-85c7-4aec-8bf5-648062d519bf/resourceGroups/rg-transit/providers/Microsoft.Network/networkSecurityGroups/nsg-rdp",
            "location": "eastus",
            "name": "nsg-rdp",
            "resource_group_name": "rg-transit",
            "security_rule": [
              {
                "access": "Allow",
                "description": "",
                "destination_address_prefix": "*",
                "destination_address_prefixes": [],
                "destination_application_security_group_ids": [],
                "destination_port_range": "3389",
                "destination_port_ranges": [],
                "direction": "Inbound",
                "name": "Allow-RDP",
                "priority": 100,
                "protocol": "Tcp",
                "source_address_prefix": "134.238.163.206",
                "source_address_prefixes": [],
                "source_application_security_group_ids": [],
                "source_port_range": "*",
                "source_port_ranges": []
              }
            ],
            "tags": null,
            "timeouts": null
          },
          "sensitive_attributes": [],
          "identity_schema_version": 0,
          "identity": {
            "name": "nsg-rdp",
            "resource_group_name": "rg-transit",
            "subscription_id": "edd4cc45-85c7-4aec-8bf5-648062d519bf"
          },
          "private": "eyJlMmJmYjczMC1lY2FhLTExZTYtOGY4OC0zNDM2M2JjN2M0YzAiOnsiY3JlYXRlIjoxODAwMDAwMDAwMDAwLCJkZWxldGUiOjE4MDAwMDAwMDAwMDAsInJlYWQiOjMwMDAwMDAwMDAwMCwidXBkYXRlIjoxODAwMDAwMDAwMDAwfX0=",
          "dependencies": [
            "azurerm_resource_group.tr_rg"
          ]
        }
      ]
    },
    {
      "mode": "managed",
      "type": "azurerm_private_dns_zone",
      "name": "pl_dns",
      "provider": "provider[\"registry.terraform.io/hashicorp/azurerm\"]",
      "instances": [
        {
          "schema_version": 0,
          "attributes": {
            "id": "/subscriptions/edd4cc45-85c7-4aec-8bf5-648062d519bf/resourceGroups/rg-dbw/providers/Microsoft.Network/privateDnsZones/privatelink.azuredatabricks.net",
            "max_number_of_record_sets": 25000,
            "max_number_of_virtual_network_links": 1000,
            "max_number_of_virtual_network_links_with_registration": 100,
            "name": "privatelink.azuredatabricks.net",
            "number_of_record_sets": 1,
            "resource_group_name": "rg-dbw",
            "soa_record": [
              {
                "email": "azureprivatedns-host.microsoft.com",
                "expire_time": 2419200,
                "fqdn": "privatelink.azuredatabricks.net.",
                "host_name": "azureprivatedns.net",
                "minimum_ttl": 10,
                "refresh_time": 3600,
                "retry_time": 300,
                "serial_number": 1,
                "tags": {},
                "ttl": 3600
              }
            ],
            "tags": null,
            "timeouts": null
          },
          "sensitive_attributes": [],
          "identity_schema_version": 0,
          "identity": {
            "name": "privatelink.azuredatabricks.net",
            "resource_group_name": "rg-dbw",
            "subscription_id": "edd4cc45-85c7-4aec-8bf5-648062d519bf"
          },
          "private": "eyJlMmJmYjczMC1lY2FhLTExZTYtOGY4OC0zNDM2M2JjN2M0YzAiOnsiY3JlYXRlIjoxODAwMDAwMDAwMDAwLCJkZWxldGUiOjE4MDAwMDAwMDAwMDAsInJlYWQiOjMwMDAwMDAwMDAwMCwidXBkYXRlIjoxODAwMDAwMDAwMDAwfX0=",
          "dependencies": [
            "azurerm_resource_group.ws_rg"
          ]
        }
      ]
    },
    {
      "mode": "managed",
      "type": "azurerm_private_dns_zone_virtual_network_link",
      "name": "link_tr",
      "provider": "provider[\"registry.terraform.io/hashicorp/azurerm\"]",
      "instances": [
        {
          "schema_version": 0,
          "attributes": {
            "id": "/subscriptions/edd4cc45-85c7-4aec-8bf5-648062d519bf/resourceGroups/rg-dbw/providers/Microsoft.Network/privateDnsZones/privatelink.azuredatabricks.net/virtualNetworkLinks/link-tr",
            "name": "link-tr",
            "private_dns_zone_name": "privatelink.azuredatabricks.net",
            "registration_enabled": false,
            "resource_group_name": "rg-dbw",
            "tags": null,
            "timeouts": null,
            "virtual_network_id": "/subscriptions/edd4cc45-85c7-4aec-8bf5-648062d519bf/resourceGroups/rg-transit/providers/Microsoft.Network/virtualNetworks/vnet-transit"
          },
          "sensitive_attributes": [],
          "identity_schema_version": 0,
          "identity": {
            "name": "link-tr",
            "private_dns_zone_name": "privatelink.azuredatabricks.net",
            "resource_group_name": "rg-dbw",
            "subscription_id": "edd4cc45-85c7-4aec-8bf5-648062d519bf"
          },
          "private": "eyJlMmJmYjczMC1lY2FhLTExZTYtOGY4OC0zNDM2M2JjN2M0YzAiOnsiY3JlYXRlIjoxODAwMDAwMDAwMDAwLCJkZWxldGUiOjE4MDAwMDAwMDAwMDAsInJlYWQiOjMwMDAwMDAwMDAwMCwidXBkYXRlIjoxODAwMDAwMDAwMDAwfX0=",
          "dependencies": [
            "azurerm_private_dns_zone.pl_dns",
            "azurerm_resource_group.tr_rg",
            "azurerm_resource_group.ws_rg",
            "azurerm_virtual_network.tr_vnet"
          ]
        }
      ]
    },
    {
      "mode": "managed",
      "type": "azurerm_private_dns_zone_virtual_network_link",
      "name": "link_ws",
      "provider": "provider[\"registry.terraform.io/hashicorp/azurerm\"]",
      "instances": [
        {
          "schema_version": 0,
          "attributes": {
            "id": "/subscriptions/edd4cc45-85c7-4aec-8bf5-648062d519bf/resourceGroups/rg-dbw/providers/Microsoft.Network/privateDnsZones/privatelink.azuredatabricks.net/virtualNetworkLinks/link-ws",
            "name": "link-ws",
            "private_dns_zone_name": "privatelink.azuredatabricks.net",
            "registration_enabled": false,
            "resource_group_name": "rg-dbw",
            "tags": null,
            "timeouts": null,
            "virtual_network_id": "/subscriptions/edd4cc45-85c7-4aec-8bf5-648062d519bf/resourceGroups/rg-dbw/providers/Microsoft.Network/virtualNetworks/vnet-dbw"
          },
          "sensitive_attributes": [],
          "identity_schema_version": 0,
          "identity": {
            "name": "link-ws",
            "private_dns_zone_name": "privatelink.azuredatabricks.net",
            "resource_group_name": "rg-dbw",
            "subscription_id": "edd4cc45-85c7-4aec-8bf5-648062d519bf"
          },
          "private": "eyJlMmJmYjczMC1lY2FhLTExZTYtOGY4OC0zNDM2M2JjN2M0YzAiOnsiY3JlYXRlIjoxODAwMDAwMDAwMDAwLCJkZWxldGUiOjE4MDAwMDAwMDAwMDAsInJlYWQiOjMwMDAwMDAwMDAwMCwidXBkYXRlIjoxODAwMDAwMDAwMDAwfX0=",
          "dependencies": [
            "azurerm_private_dns_zone.pl_dns",
            "azurerm_resource_group.ws_rg",
            "azurerm_virtual_network.ws_vnet"
          ]
        }
      ]
    },
    {
      "mode": "managed",
      "type": "azurerm_private_endpoint",
      "name": "pe_backend",
      "provider": "provider[\"registry.terraform.io/hashicorp/azurerm\"]",
      "instances": [
        {
          "schema_version": 0,
          "attributes": {
            "custom_dns_configs": [],
            "custom_network_interface_name": "",
            "id": "/subscriptions/edd4cc45-85c7-4aec-8bf5-648062d519bf/resourceGroups/rg-dbw/providers/Microsoft.Network/privateEndpoints/pe-backend",
            "ip_configuration": [],
            "location": "eastus",
            "name": "pe-backend",
            "network_interface": [
              {
                "id": "/subscriptions/edd4cc45-85c7-4aec-8bf5-648062d519bf/resourceGroups/rg-dbw/providers/Microsoft.Network/networkInterfaces/pe-backend.nic.4fc1a6ac-064c-46d4-b047-1266b67015b3",
                "name": "pe-backend.nic.4fc1a6ac-064c-46d4-b047-1266b67015b3"
              }
            ],
            "private_dns_zone_configs": [
              {
                "id": "/subscriptions/edd4cc45-85c7-4aec-8bf5-648062d519bf/resourceGroups/rg-dbw/providers/Microsoft.Network/privateEndpoints/pe-backend/privateDnsZoneGroups/dns-backend/privateDnsZoneConfigs/privatelink.azuredatabricks.net",
                "name": "privatelink.azuredatabricks.net",
                "private_dns_zone_id": "/subscriptions/edd4cc45-85c7-4aec-8bf5-648062d519bf/resourceGroups/rg-dbw/providers/Microsoft.Network/privateDnsZones/privatelink.azuredatabricks.net",
                "record_sets": [
                  {
                    "fqdn": "adb-3933944746603720.0.privatelink.azuredatabricks.net",
                    "ip_addresses": [
                      "10.1.2.4"
                    ],
                    "name": "adb-3933944746603720.0",
                    "ttl": 10,
                    "type": "A"
                  }
                ]
              }
            ],
            "private_dns_zone_group": [
              {
                "id": "/subscriptions/edd4cc45-85c7-4aec-8bf5-648062d519bf/resourceGroups/rg-dbw/providers/Microsoft.Network/privateEndpoints/pe-backend/privateDnsZoneGroups/dns-backend",
                "name": "dns-backend",
                "private_dns_zone_ids": [
                  "/subscriptions/edd4cc45-85c7-4aec-8bf5-648062d519bf/resourceGroups/rg-dbw/providers/Microsoft.Network/privateDnsZones/privatelink.azuredatabricks.net"
                ]
              }
            ],
            "private_service_connection": [
              {
                "is_manual_connection": false,
                "name": "psc-backend",
                "private_connection_resource_alias": "",
                "private_connection_resource_id": "/subscriptions/edd4cc45-85c7-4aec-8bf5-648062d519bf/resourceGroups/rg-dbw/providers/Microsoft.Databricks/workspaces/dbw-standard",
                "private_ip_address": "10.1.2.4",
                "request_message": "",
                "subresource_names": [
                  "databricks_ui_api"
                ]
              }
            ],
            "resource_group_name": "rg-dbw",
            "subnet_id": "/subscriptions/edd4cc45-85c7-4aec-8bf5-648062d519bf/resourceGroups/rg-dbw/providers/Microsoft.Network/virtualNetworks/vnet-dbw/subnets/endpoint",
            "tags": null,
            "timeouts": null
          },
          "sensitive_attributes": [],
          "identity_schema_version": 0,
          "identity": {
            "name": "pe-backend",
            "resource_group_name": "rg-dbw",
            "subscription_id": "edd4cc45-85c7-4aec-8bf5-648062d519bf"
          },
          "private": "eyJlMmJmYjczMC1lY2FhLTExZTYtOGY4OC0zNDM2M2JjN2M0YzAiOnsiY3JlYXRlIjozNjAwMDAwMDAwMDAwLCJkZWxldGUiOjM2MDAwMDAwMDAwMDAsInJlYWQiOjMwMDAwMDAwMDAwMCwidXBkYXRlIjozNjAwMDAwMDAwMDAwfX0=",
          "dependencies": [
            "azurerm_databricks_workspace.ws",
            "azurerm_network_security_group.private",
            "azurerm_network_security_group.public",
            "azurerm_private_dns_zone.pl_dns",
            "azurerm_resource_group.ws_rg",
            "azurerm_subnet.ws_subnet",
            "azurerm_subnet_network_security_group_association.private",
            "azurerm_subnet_network_security_group_association.public",
            "azurerm_virtual_network.ws_vnet"
          ]
        }
      ]
    },
    {
      "mode": "managed",
      "type": "azurerm_private_endpoint",
      "name": "pe_browser_auth_ws_web_auth",
      "provider": "provider[\"registry.terraform.io/hashicorp/azurerm\"]",
      "instances": [
        {
          "schema_version": 0,
          "attributes": {
            "custom_dns_configs": [],
            "custom_network_interface_name": "",
            "id": "/subscriptions/edd4cc45-85c7-4aec-8bf5-648062d519bf/resourceGroups/rg-transit/providers/Microsoft.Network/privateEndpoints/pe-browser-auth-ws-web-auth",
            "ip_configuration": [],
            "location": "eastus",
            "name": "pe-browser-auth-ws-web-auth",
            "network_interface": [
              {
                "id": "/subscriptions/edd4cc45-85c7-4aec-8bf5-648062d519bf/resourceGroups/rg-transit/providers/Microsoft.Network/networkInterfaces/pe-browser-auth-ws-web-auth.nic.9c7c1202-2f18-4290-ac22-05cf2a8120ac",
                "name": "pe-browser-auth-ws-web-auth.nic.9c7c1202-2f18-4290-ac22-05cf2a8120ac"
              }
            ],
            "private_dns_zone_configs": [
              {
                "id": "/subscriptions/edd4cc45-85c7-4aec-8bf5-648062d519bf/resourceGroups/rg-transit/providers/Microsoft.Network/privateEndpoints/pe-browser-auth-ws-web-auth/privateDnsZoneGroups/dns-browserauth/privateDnsZoneConfigs/privatelink.azuredatabricks.net",
                "name": "privatelink.azuredatabricks.net",
                "private_dns_zone_id": "/subscriptions/edd4cc45-85c7-4aec-8bf5-648062d519bf/resourceGroups/rg-dbw/providers/Microsoft.Network/privateDnsZones/privatelink.azuredatabricks.net",
                "record_sets": [
                  {
                    "fqdn": "eastus.pl-auth.privatelink.azuredatabricks.net",
                    "ip_addresses": [
                      "10.2.10.4"
                    ],
                    "name": "eastus.pl-auth",
                    "ttl": 10,
                    "type": "A"
                  },
                  {
                    "fqdn": "eastus-c3.pl-auth.privatelink.azuredatabricks.net",
                    "ip_addresses": [
                      "10.2.10.5"
                    ],
                    "name": "eastus-c3.pl-auth",
                    "ttl": 10,
                    "type": "A"
                  }
                ]
              }
            ],
            "private_dns_zone_group": [
              {
                "id": "/subscriptions/edd4cc45-85c7-4aec-8bf5-648062d519bf/resourceGroups/rg-transit/providers/Microsoft.Network/privateEndpoints/pe-browser-auth-ws-web-auth/privateDnsZoneGroups/dns-browserauth",
                "name": "dns-browserauth",
                "private_dns_zone_ids": [
                  "/subscriptions/edd4cc45-85c7-4aec-8bf5-648062d519bf/resourceGroups/rg-dbw/providers/Microsoft.Network/privateDnsZones/privatelink.azuredatabricks.net"
                ]
              }
            ],
            "private_service_connection": [
              {
                "is_manual_connection": false,
                "name": "psc-browserauth-web-auth",
                "private_connection_resource_alias": "",
                "private_connection_resource_id": "/subscriptions/edd4cc45-85c7-4aec-8bf5-648062d519bf/resourceGroups/rg-transit/providers/Microsoft.Databricks/workspaces/dbw-auth",
                "private_ip_address": "10.2.10.4",
                "request_message": "",
                "subresource_names": [
                  "browser_authentication"
                ]
              }
            ],
            "resource_group_name": "rg-transit",
            "subnet_id": "/subscriptions/edd4cc45-85c7-4aec-8bf5-648062d519bf/resourceGroups/rg-transit/providers/Microsoft.Network/virtualNetworks/vnet-transit/subnets/subnet-transit-pe",
            "tags": null,
            "timeouts": null
          },
          "sensitive_attributes": [],
          "identity_schema_version": 0,
          "identity": {
            "name": "pe-browser-auth-ws-web-auth",
            "resource_group_name": "rg-transit",
            "subscription_id": "edd4cc45-85c7-4aec-8bf5-648062d519bf"
          },
          "private": "eyJlMmJmYjczMC1lY2FhLTExZTYtOGY4OC0zNDM2M2JjN2M0YzAiOnsiY3JlYXRlIjozNjAwMDAwMDAwMDAwLCJkZWxldGUiOjM2MDAwMDAwMDAwMDAsInJlYWQiOjMwMDAwMDAwMDAwMCwidXBkYXRlIjozNjAwMDAwMDAwMDAwfX0=",
          "dependencies": [
            "azurerm_databricks_workspace.ws_web_auth",
            "azurerm_network_security_group.transit",
            "azurerm_private_dns_zone.pl_dns",
            "azurerm_resource_group.tr_rg",
            "azurerm_resource_group.ws_rg",
            "azurerm_subnet.tr_pe_subnet",
            "azurerm_subnet.tr_subnet",
            "azurerm_subnet_network_security_group_association.tr_private",
            "azurerm_subnet_network_security_group_association.tr_public",
            "azurerm_virtual_network.tr_vnet"
          ]
        }
      ]
    },
    {
      "mode": "managed",
      "type": "azurerm_public_ip",
      "name": "vm_public_ip",
      "provider": "provider[\"registry.terraform.io/hashicorp/azurerm\"]",
      "instances": [
        {
          "schema_version": 0,
          "attributes": {
            "allocation_method": "Dynamic",
            "ddos_protection_mode": "VirtualNetworkInherited",
            "ddos_protection_plan_id": null,
            "domain_name_label": null,
            "domain_name_label_scope": null,
            "edge_zone": "",
            "fqdn": null,
            "id": "/subscriptions/edd4cc45-85c7-4aec-8bf5-648062d519bf/resourceGroups/rg-transit/providers/Microsoft.Network/publicIPAddresses/pip-rdp-test",
            "idle_timeout_in_minutes": 4,
            "ip_address": "",
            "ip_tags": null,
            "ip_version": "IPv4",
            "location": "eastus",
            "name": "pip-rdp-test",
            "public_ip_prefix_id": null,
            "resource_group_name": "rg-transit",
            "reverse_fqdn": null,
            "sku": "Basic",
            "sku_tier": "Regional",
            "tags": null,
            "timeouts": null,
            "zones": null
          },
          "sensitive_attributes": [],
          "identity_schema_version": 0,
          "private": "eyJlMmJmYjczMC1lY2FhLTExZTYtOGY4OC0zNDM2M2JjN2M0YzAiOnsiY3JlYXRlIjoxODAwMDAwMDAwMDAwLCJkZWxldGUiOjE4MDAwMDAwMDAwMDAsInJlYWQiOjMwMDAwMDAwMDAwMCwidXBkYXRlIjoxODAwMDAwMDAwMDAwfX0=",
          "dependencies": [
            "azurerm_resource_group.tr_rg"
          ]
        }
      ]
    },
    {
      "mode": "managed",
      "type": "azurerm_resource_group",
      "name": "tr_rg",
      "provider": "provider[\"registry.terraform.io/hashicorp/azurerm\"]",
      "instances": [
        {
          "schema_version": 0,
          "attributes": {
            "id": "/subscriptions/edd4cc45-85c7-4aec-8bf5-648062d519bf/resourceGroups/rg-transit",
            "location": "eastus",
            "managed_by": "",
            "name": "rg-transit",
            "tags": null,
            "timeouts": null
          },
          "sensitive_attributes": [],
          "identity_schema_version": 0,
          "private": "eyJlMmJmYjczMC1lY2FhLTExZTYtOGY4OC0zNDM2M2JjN2M0YzAiOnsiY3JlYXRlIjo1NDAwMDAwMDAwMDAwLCJkZWxldGUiOjU0MDAwMDAwMDAwMDAsInJlYWQiOjMwMDAwMDAwMDAwMCwidXBkYXRlIjo1NDAwMDAwMDAwMDAwfX0="
        }
      ]
    },
    {
      "mode": "managed",
      "type": "azurerm_resource_group",
      "name": "ws_rg",
      "provider": "provider[\"registry.terraform.io/hashicorp/azurerm\"]",
      "instances": [
        {
          "schema_version": 0,
          "attributes": {
            "id": "/subscriptions/edd4cc45-85c7-4aec-8bf5-648062d519bf/resourceGroups/rg-dbw",
            "location": "eastus",
            "managed_by": "",
            "name": "rg-dbw",
            "tags": null,
            "timeouts": null
          },
          "sensitive_attributes": [],
          "identity_schema_version": 0,
          "private": "eyJlMmJmYjczMC1lY2FhLTExZTYtOGY4OC0zNDM2M2JjN2M0YzAiOnsiY3JlYXRlIjo1NDAwMDAwMDAwMDAwLCJkZWxldGUiOjU0MDAwMDAwMDAwMDAsInJlYWQiOjMwMDAwMDAwMDAwMCwidXBkYXRlIjo1NDAwMDAwMDAwMDAwfX0="
        }
      ]
    },
    {
      "mode": "managed",
      "type": "azurerm_subnet",
      "name": "tr_pe_subnet",
      "provider": "provider[\"registry.terraform.io/hashicorp/azurerm\"]",
      "instances": [
        {
          "schema_version": 0,
          "attributes": {
            "address_prefixes": [
              "10.2.10.0/27"
            ],
            "default_outbound_access_enabled": true,
            "delegation": [],
            "id": "/subscriptions/edd4cc45-85c7-4aec-8bf5-648062d519bf/resourceGroups/rg-transit/providers/Microsoft.Network/virtualNetworks/vnet-transit/subnets/subnet-transit-pe",
            "name": "subnet-transit-pe",
            "private_endpoint_network_policies": "Disabled",
            "private_link_service_network_policies_enabled": true,
            "resource_group_name": "rg-transit",
            "service_endpoint_policy_ids": null,
            "service_endpoints": null,
            "timeouts": null,
            "virtual_network_name": "vnet-transit"
          },
          "sensitive_attributes": [],
          "identity_schema_version": 0,
          "identity": {
            "name": "subnet-transit-pe",
            "resource_group_name": "rg-transit",
            "subscription_id": "edd4cc45-85c7-4aec-8bf5-648062d519bf",
            "virtual_network_name": "vnet-transit"
          },
          "private": "eyJlMmJmYjczMC1lY2FhLTExZTYtOGY4OC0zNDM2M2JjN2M0YzAiOnsiY3JlYXRlIjoxODAwMDAwMDAwMDAwLCJkZWxldGUiOjE4MDAwMDAwMDAwMDAsInJlYWQiOjMwMDAwMDAwMDAwMCwidXBkYXRlIjoxODAwMDAwMDAwMDAwfX0=",
          "dependencies": [
            "azurerm_resource_group.tr_rg",
            "azurerm_virtual_network.tr_vnet"
          ]
        }
      ]
    },
    {
      "mode": "managed",
      "type": "azurerm_subnet",
      "name": "tr_subnet",
      "provider": "provider[\"registry.terraform.io/hashicorp/azurerm\"]",
      "instances": [
        {
          "index_key": "private",
          "schema_version": 0,
          "attributes": {
            "address_prefixes": [
              "10.2.1.0/24"
            ],
            "default_outbound_access_enabled": true,
            "delegation": [
              {
                "name": "databricks",
                "service_delegation": [
                  {
                    "actions": [
                      "Microsoft.Network/virtualNetworks/subnets/join/action"
                    ],
                    "name": "Microsoft.Databricks/workspaces"
                  }
                ]
              }
            ],
            "id": "/subscriptions/edd4cc45-85c7-4aec-8bf5-648062d519bf/resourceGroups/rg-transit/providers/Microsoft.Network/virtualNetworks/vnet-transit/subnets/private",
            "name": "private",
            "private_endpoint_network_policies": "Disabled",
            "private_link_service_network_policies_enabled": true,
            "resource_group_name": "rg-transit",
            "service_endpoint_policy_ids": null,
            "service_endpoints": null,
            "timeouts": null,
            "virtual_network_name": "vnet-transit"
          },
          "sensitive_attributes": [],
          "identity_schema_version": 0,
          "identity": {
            "name": "private",
            "resource_group_name": "rg-transit",
            "subscription_id": "edd4cc45-85c7-4aec-8bf5-648062d519bf",
            "virtual_network_name": "vnet-transit"
          },
          "private": "eyJlMmJmYjczMC1lY2FhLTExZTYtOGY4OC0zNDM2M2JjN2M0YzAiOnsiY3JlYXRlIjoxODAwMDAwMDAwMDAwLCJkZWxldGUiOjE4MDAwMDAwMDAwMDAsInJlYWQiOjMwMDAwMDAwMDAwMCwidXBkYXRlIjoxODAwMDAwMDAwMDAwfX0=",
          "dependencies": [
            "azurerm_resource_group.tr_rg",
            "azurerm_virtual_network.tr_vnet"
          ]
        },
        {
          "index_key": "public",
          "schema_version": 0,
          "attributes": {
            "address_prefixes": [
              "10.2.0.0/24"
            ],
            "default_outbound_access_enabled": true,
            "delegation": [
              {
                "name": "databricks",
                "service_delegation": [
                  {
                    "actions": [
                      "Microsoft.Network/virtualNetworks/subnets/join/action"
                    ],
                    "name": "Microsoft.Databricks/workspaces"
                  }
                ]
              }
            ],
            "id": "/subscriptions/edd4cc45-85c7-4aec-8bf5-648062d519bf/resourceGroups/rg-transit/providers/Microsoft.Network/virtualNetworks/vnet-transit/subnets/public",
            "name": "public",
            "private_endpoint_network_policies": "Disabled",
            "private_link_service_network_policies_enabled": true,
            "resource_group_name": "rg-transit",
            "service_endpoint_policy_ids": null,
            "service_endpoints": null,
            "timeouts": null,
            "virtual_network_name": "vnet-transit"
          },
          "sensitive_attributes": [],
          "identity_schema_version": 0,
          "identity": {
            "name": "public",
            "resource_group_name": "rg-transit",
            "subscription_id": "edd4cc45-85c7-4aec-8bf5-648062d519bf",
            "virtual_network_name": "vnet-transit"
          },
          "private": "eyJlMmJmYjczMC1lY2FhLTExZTYtOGY4OC0zNDM2M2JjN2M0YzAiOnsiY3JlYXRlIjoxODAwMDAwMDAwMDAwLCJkZWxldGUiOjE4MDAwMDAwMDAwMDAsInJlYWQiOjMwMDAwMDAwMDAwMCwidXBkYXRlIjoxODAwMDAwMDAwMDAwfX0=",
          "dependencies": [
            "azurerm_resource_group.tr_rg",
            "azurerm_virtual_network.tr_vnet"
          ]
        }
      ]
    },
    {
      "mode": "managed",
      "type": "azurerm_subnet",
      "name": "tr_vm_subnet",
      "provider": "provider[\"registry.terraform.io/hashicorp/azurerm\"]",
      "instances": [
        {
          "schema_version": 0,
          "attributes": {
            "address_prefixes": [
              "10.2.2.0/27"
            ],
            "default_outbound_access_enabled": true,
            "delegation": [],
            "id": "/subscriptions/edd4cc45-85c7-4aec-8bf5-648062d519bf/resourceGroups/rg-transit/providers/Microsoft.Network/virtualNetworks/vnet-transit/subnets/subnet-transit-vm",
            "name": "subnet-transit-vm",
            "private_endpoint_network_policies": "Disabled",
            "private_link_service_network_policies_enabled": true,
            "resource_group_name": "rg-transit",
            "service_endpoint_policy_ids": null,
            "service_endpoints": null,
            "timeouts": null,
            "virtual_network_name": "vnet-transit"
          },
          "sensitive_attributes": [],
          "identity_schema_version": 0,
          "identity": {
            "name": "subnet-transit-vm",
            "resource_group_name": "rg-transit",
            "subscription_id": "edd4cc45-85c7-4aec-8bf5-648062d519bf",
            "virtual_network_name": "vnet-transit"
          },
          "private": "eyJlMmJmYjczMC1lY2FhLTExZTYtOGY4OC0zNDM2M2JjN2M0YzAiOnsiY3JlYXRlIjoxODAwMDAwMDAwMDAwLCJkZWxldGUiOjE4MDAwMDAwMDAwMDAsInJlYWQiOjMwMDAwMDAwMDAwMCwidXBkYXRlIjoxODAwMDAwMDAwMDAwfX0=",
          "dependencies": [
            "azurerm_resource_group.tr_rg",
            "azurerm_virtual_network.tr_vnet"
          ]
        }
      ]
    },
    {
      "mode": "managed",
      "type": "azurerm_subnet",
      "name": "ws_subnet",
      "provider": "provider[\"registry.terraform.io/hashicorp/azurerm\"]",
      "instances": [
        {
          "index_key": "endpoint",
          "schema_version": 0,
          "attributes": {
            "address_prefixes": [
              "10.1.2.0/27"
            ],
            "default_outbound_access_enabled": true,
            "delegation": [],
            "id": "/subscriptions/edd4cc45-85c7-4aec-8bf5-648062d519bf/resourceGroups/rg-dbw/providers/Microsoft.Network/virtualNetworks/vnet-dbw/subnets/endpoint",
            "name": "endpoint",
            "private_endpoint_network_policies": "Disabled",
            "private_link_service_network_policies_enabled": true,
            "resource_group_name": "rg-dbw",
            "service_endpoint_policy_ids": null,
            "service_endpoints": null,
            "timeouts": null,
            "virtual_network_name": "vnet-dbw"
          },
          "sensitive_attributes": [],
          "identity_schema_version": 0,
          "identity": {
            "name": "endpoint",
            "resource_group_name": "rg-dbw",
            "subscription_id": "edd4cc45-85c7-4aec-8bf5-648062d519bf",
            "virtual_network_name": "vnet-dbw"
          },
          "private": "eyJlMmJmYjczMC1lY2FhLTExZTYtOGY4OC0zNDM2M2JjN2M0YzAiOnsiY3JlYXRlIjoxODAwMDAwMDAwMDAwLCJkZWxldGUiOjE4MDAwMDAwMDAwMDAsInJlYWQiOjMwMDAwMDAwMDAwMCwidXBkYXRlIjoxODAwMDAwMDAwMDAwfX0=",
          "dependencies": [
            "azurerm_resource_group.ws_rg",
            "azurerm_virtual_network.ws_vnet"
          ]
        },
        {
          "index_key": "private",
          "schema_version": 0,
          "attributes": {
            "address_prefixes": [
              "10.1.1.0/24"
            ],
            "default_outbound_access_enabled": true,
            "delegation": [
              {
                "name": "databricks",
                "service_delegation": [
                  {
                    "actions": [
                      "Microsoft.Network/virtualNetworks/subnets/join/action"
                    ],
                    "name": "Microsoft.Databricks/workspaces"
                  }
                ]
              }
            ],
            "id": "/subscriptions/edd4cc45-85c7-4aec-8bf5-648062d519bf/resourceGroups/rg-dbw/providers/Microsoft.Network/virtualNetworks/vnet-dbw/subnets/private",
            "name": "private",
            "private_endpoint_network_policies": "Disabled",
            "private_link_service_network_policies_enabled": true,
            "resource_group_name": "rg-dbw",
            "service_endpoint_policy_ids": null,
            "service_endpoints": null,
            "timeouts": null,
            "virtual_network_name": "vnet-dbw"
          },
          "sensitive_attributes": [],
          "identity_schema_version": 0,
          "identity": {
            "name": "private",
            "resource_group_name": "rg-dbw",
            "subscription_id": "edd4cc45-85c7-4aec-8bf5-648062d519bf",
            "virtual_network_name": "vnet-dbw"
          },
          "private": "eyJlMmJmYjczMC1lY2FhLTExZTYtOGY4OC0zNDM2M2JjN2M0YzAiOnsiY3JlYXRlIjoxODAwMDAwMDAwMDAwLCJkZWxldGUiOjE4MDAwMDAwMDAwMDAsInJlYWQiOjMwMDAwMDAwMDAwMCwidXBkYXRlIjoxODAwMDAwMDAwMDAwfX0=",
          "dependencies": [
            "azurerm_resource_group.ws_rg",
            "azurerm_virtual_network.ws_vnet"
          ]
        },
        {
          "index_key": "public",
          "schema_version": 0,
          "attributes": {
            "address_prefixes": [
              "10.1.0.0/24"
            ],
            "default_outbound_access_enabled": true,
            "delegation": [
              {
                "name": "databricks",
                "service_delegation": [
                  {
                    "actions": [
                      "Microsoft.Network/virtualNetworks/subnets/join/action"
                    ],
                    "name": "Microsoft.Databricks/workspaces"
                  }
                ]
              }
            ],
            "id": "/subscriptions/edd4cc45-85c7-4aec-8bf5-648062d519bf/resourceGroups/rg-dbw/providers/Microsoft.Network/virtualNetworks/vnet-dbw/subnets/public",
            "name": "public",
            "private_endpoint_network_policies": "Disabled",
            "private_link_service_network_policies_enabled": true,
            "resource_group_name": "rg-dbw",
            "service_endpoint_policy_ids": null,
            "service_endpoints": null,
            "timeouts": null,
            "virtual_network_name": "vnet-dbw"
          },
          "sensitive_attributes": [],
          "identity_schema_version": 0,
          "identity": {
            "name": "public",
            "resource_group_name": "rg-dbw",
            "subscription_id": "edd4cc45-85c7-4aec-8bf5-648062d519bf",
            "virtual_network_name": "vnet-dbw"
          },
          "private": "eyJlMmJmYjczMC1lY2FhLTExZTYtOGY4OC0zNDM2M2JjN2M0YzAiOnsiY3JlYXRlIjoxODAwMDAwMDAwMDAwLCJkZWxldGUiOjE4MDAwMDAwMDAwMDAsInJlYWQiOjMwMDAwMDAwMDAwMCwidXBkYXRlIjoxODAwMDAwMDAwMDAwfX0=",
          "dependencies": [
            "azurerm_resource_group.ws_rg",
            "azurerm_virtual_network.ws_vnet"
          ]
        }
      ]
    },
    {
      "mode": "managed",
      "type": "azurerm_subnet_network_security_group_association",
      "name": "private",
      "provider": "provider[\"registry.terraform.io/hashicorp/azurerm\"]",
      "instances": [
        {
          "schema_version": 0,
          "attributes": {
            "id": "/subscriptions/edd4cc45-85c7-4aec-8bf5-648062d519bf/resourceGroups/rg-dbw/providers/Microsoft.Network/virtualNetworks/vnet-dbw/subnets/private",
            "network_security_group_id": "/subscriptions/edd4cc45-85c7-4aec-8bf5-648062d519bf/resourceGroups/rg-dbw/providers/Microsoft.Network/networkSecurityGroups/nsg-private",
            "subnet_id": "/subscriptions/edd4cc45-85c7-4aec-8bf5-648062d519bf/resourceGroups/rg-dbw/providers/Microsoft.Network/virtualNetworks/vnet-dbw/subnets/private",
            "timeouts": null
          },
          "sensitive_attributes": [],
          "identity_schema_version": 0,
          "private": "eyJlMmJmYjczMC1lY2FhLTExZTYtOGY4OC0zNDM2M2JjN2M0YzAiOnsiY3JlYXRlIjoxODAwMDAwMDAwMDAwLCJkZWxldGUiOjE4MDAwMDAwMDAwMDAsInJlYWQiOjMwMDAwMDAwMDAwMH19",
          "dependencies": [
            "azurerm_network_security_group.private",
            "azurerm_resource_group.ws_rg",
            "azurerm_subnet.ws_subnet",
            "azurerm_virtual_network.ws_vnet"
          ]
        }
      ]
    },
    {
      "mode": "managed",
      "type": "azurerm_subnet_network_security_group_association",
      "name": "public",
      "provider": "provider[\"registry.terraform.io/hashicorp/azurerm\"]",
      "instances": [
        {
          "schema_version": 0,
          "attributes": {
            "id": "/subscriptions/edd4cc45-85c7-4aec-8bf5-648062d519bf/resourceGroups/rg-dbw/providers/Microsoft.Network/virtualNetworks/vnet-dbw/subnets/public",
            "network_security_group_id": "/subscriptions/edd4cc45-85c7-4aec-8bf5-648062d519bf/resourceGroups/rg-dbw/providers/Microsoft.Network/networkSecurityGroups/nsg-public",
            "subnet_id": "/subscriptions/edd4cc45-85c7-4aec-8bf5-648062d519bf/resourceGroups/rg-dbw/providers/Microsoft.Network/virtualNetworks/vnet-dbw/subnets/public",
            "timeouts": null
          },
          "sensitive_attributes": [],
          "identity_schema_version": 0,
          "private": "eyJlMmJmYjczMC1lY2FhLTExZTYtOGY4OC0zNDM2M2JjN2M0YzAiOnsiY3JlYXRlIjoxODAwMDAwMDAwMDAwLCJkZWxldGUiOjE4MDAwMDAwMDAwMDAsInJlYWQiOjMwMDAwMDAwMDAwMH19",
          "dependencies": [
            "azurerm_network_security_group.public",
            "azurerm_resource_group.ws_rg",
            "azurerm_subnet.ws_subnet",
            "azurerm_virtual_network.ws_vnet"
          ]
        }
      ]
    },
    {
      "mode": "managed",
      "type": "azurerm_subnet_network_security_group_association",
      "name": "tr_private",
      "provider": "provider[\"registry.terraform.io/hashicorp/azurerm\"]",
      "instances": [
        {
          "schema_version": 0,
          "attributes": {
            "id": "/subscriptions/edd4cc45-85c7-4aec-8bf5-648062d519bf/resourceGroups/rg-transit/providers/Microsoft.Network/virtualNetworks/vnet-transit/subnets/private",
            "network_security_group_id": "/subscriptions/edd4cc45-85c7-4aec-8bf5-648062d519bf/resourceGroups/rg-transit/providers/Microsoft.Network/networkSecurityGroups/nsg-transit",
            "subnet_id": "/subscriptions/edd4cc45-85c7-4aec-8bf5-648062d519bf/resourceGroups/rg-transit/providers/Microsoft.Network/virtualNetworks/vnet-transit/subnets/private",
            "timeouts": null
          },
          "sensitive_attributes": [],
          "identity_schema_version": 0,
          "private": "eyJlMmJmYjczMC1lY2FhLTExZTYtOGY4OC0zNDM2M2JjN2M0YzAiOnsiY3JlYXRlIjoxODAwMDAwMDAwMDAwLCJkZWxldGUiOjE4MDAwMDAwMDAwMDAsInJlYWQiOjMwMDAwMDAwMDAwMH19",
          "dependencies": [
            "azurerm_network_security_group.transit",
            "azurerm_resource_group.tr_rg",
            "azurerm_subnet.tr_subnet",
            "azurerm_virtual_network.tr_vnet"
          ]
        }
      ]
    },
    {
      "mode": "managed",
      "type": "azurerm_subnet_network_security_group_association",
      "name": "tr_public",
      "provider": "provider[\"registry.terraform.io/hashicorp/azurerm\"]",
      "instances": [
        {
          "schema_version": 0,
          "attributes": {
            "id": "/subscriptions/edd4cc45-85c7-4aec-8bf5-648062d519bf/resourceGroups/rg-transit/providers/Microsoft.Network/virtualNetworks/vnet-transit/subnets/public",
            "network_security_group_id": "/subscriptions/edd4cc45-85c7-4aec-8bf5-648062d519bf/resourceGroups/rg-transit/providers/Microsoft.Network/networkSecurityGroups/nsg-transit",
            "subnet_id": "/subscriptions/edd4cc45-85c7-4aec-8bf5-648062d519bf/resourceGroups/rg-transit/providers/Microsoft.Network/virtualNetworks/vnet-transit/subnets/public",
            "timeouts": null
          },
          "sensitive_attributes": [],
          "identity_schema_version": 0,
          "private": "eyJlMmJmYjczMC1lY2FhLTExZTYtOGY4OC0zNDM2M2JjN2M0YzAiOnsiY3JlYXRlIjoxODAwMDAwMDAwMDAwLCJkZWxldGUiOjE4MDAwMDAwMDAwMDAsInJlYWQiOjMwMDAwMDAwMDAwMH19",
          "dependencies": [
            "azurerm_network_security_group.transit",
            "azurerm_resource_group.tr_rg",
            "azurerm_subnet.tr_subnet",
            "azurerm_virtual_network.tr_vnet"
          ]
        }
      ]
    },
    {
      "mode": "managed",
      "type": "azurerm_subnet_network_security_group_association",
      "name": "vm_subnet_assoc",
      "provider": "provider[\"registry.terraform.io/hashicorp/azurerm\"]",
      "instances": [
        {
          "schema_version": 0,
          "attributes": {
            "id": "/subscriptions/edd4cc45-85c7-4aec-8bf5-648062d519bf/resourceGroups/rg-transit/providers/Microsoft.Network/virtualNetworks/vnet-transit/subnets/subnet-transit-pe",
            "network_security_group_id": "/subscriptions/edd4cc45-85c7-4aec-8bf5-648062d519bf/resourceGroups/rg-transit/providers/Microsoft.Network/networkSecurityGroups/nsg-rdp",
            "subnet_id": "/subscriptions/edd4cc45-85c7-4aec-8bf5-648062d519bf/resourceGroups/rg-transit/providers/Microsoft.Network/virtualNetworks/vnet-transit/subnets/subnet-transit-pe",
            "timeouts": null
          },
          "sensitive_attributes": [],
          "identity_schema_version": 0,
          "private": "eyJlMmJmYjczMC1lY2FhLTExZTYtOGY4OC0zNDM2M2JjN2M0YzAiOnsiY3JlYXRlIjoxODAwMDAwMDAwMDAwLCJkZWxldGUiOjE4MDAwMDAwMDAwMDAsInJlYWQiOjMwMDAwMDAwMDAwMH19",
          "dependencies": [
            "azurerm_network_security_group.vm_nsg",
            "azurerm_resource_group.tr_rg",
            "azurerm_subnet.tr_pe_subnet",
            "azurerm_virtual_network.tr_vnet"
          ]
        }
      ]
    },
    {
      "mode": "managed",
      "type": "azurerm_virtual_network",
      "name": "tr_vnet",
      "provider": "provider[\"registry.terraform.io/hashicorp/azurerm\"]",
      "instances": [
        {
          "schema_version": 0,
          "attributes": {
            "address_space": [
              "10.2.0.0/16"
            ],
            "bgp_community": "",
            "ddos_protection_plan": [],
            "dns_servers": [],
            "edge_zone": "",
            "encryption": [],
            "flow_timeout_in_minutes": 0,
            "guid": "fb60c40f-f6bb-4e71-b80a-48813dfe878b",
            "id": "/subscriptions/edd4cc45-85c7-4aec-8bf5-648062d519bf/resourceGroups/rg-transit/providers/Microsoft.Network/virtualNetworks/vnet-transit",
            "ip_address_pool": [],
            "location": "eastus",
            "name": "vnet-transit",
            "private_endpoint_vnet_policies": "Disabled",
            "resource_group_name": "rg-transit",
            "subnet": [],
            "tags": null,
            "timeouts": null
          },
          "sensitive_attributes": [],
          "identity_schema_version": 0,
          "identity": {
            "name": "vnet-transit",
            "resource_group_name": "rg-transit",
            "subscription_id": "edd4cc45-85c7-4aec-8bf5-648062d519bf"
          },
          "private": "eyJlMmJmYjczMC1lY2FhLTExZTYtOGY4OC0zNDM2M2JjN2M0YzAiOnsiY3JlYXRlIjoxODAwMDAwMDAwMDAwLCJkZWxldGUiOjE4MDAwMDAwMDAwMDAsInJlYWQiOjMwMDAwMDAwMDAwMCwidXBkYXRlIjoxODAwMDAwMDAwMDAwfX0=",
          "dependencies": [
            "azurerm_resource_group.tr_rg"
          ]
        }
      ]
    },
    {
      "mode": "managed",
      "type": "azurerm_virtual_network",
      "name": "ws_vnet",
      "provider": "provider[\"registry.terraform.io/hashicorp/azurerm\"]",
      "instances": [
        {
          "schema_version": 0,
          "attributes": {
            "address_space": [
              "10.1.0.0/16"
            ],
            "bgp_community": "",
            "ddos_protection_plan": [],
            "dns_servers": [],
            "edge_zone": "",
            "encryption": [],
            "flow_timeout_in_minutes": 0,
            "guid": "46153e56-f269-4081-a835-6b69a4a6d3d8",
            "id": "/subscriptions/edd4cc45-85c7-4aec-8bf5-648062d519bf/resourceGroups/rg-dbw/providers/Microsoft.Network/virtualNetworks/vnet-dbw",
            "ip_address_pool": [],
            "location": "eastus",
            "name": "vnet-dbw",
            "private_endpoint_vnet_policies": "Disabled",
            "resource_group_name": "rg-dbw",
            "subnet": [],
            "tags": null,
            "timeouts": null
          },
          "sensitive_attributes": [],
          "identity_schema_version": 0,
          "identity": {
            "name": "vnet-dbw",
            "resource_group_name": "rg-dbw",
            "subscription_id": "edd4cc45-85c7-4aec-8bf5-648062d519bf"
          },
          "private": "eyJlMmJmYjczMC1lY2FhLTExZTYtOGY4OC0zNDM2M2JjN2M0YzAiOnsiY3JlYXRlIjoxODAwMDAwMDAwMDAwLCJkZWxldGUiOjE4MDAwMDAwMDAwMDAsInJlYWQiOjMwMDAwMDAwMDAwMCwidXBkYXRlIjoxODAwMDAwMDAwMDAwfX0=",
          "dependencies": [
            "azurerm_resource_group.ws_rg"
          ]
        }
      ]
    },
    {
      "mode": "managed",
      "type": "azurerm_windows_virtual_machine",
      "name": "vm",
      "provider": "provider[\"registry.terraform.io/hashicorp/azurerm\"]",
      "instances": [
        {
          "schema_version": 0,
          "attributes": {
            "additional_capabilities": [],
            "additional_unattend_content": [],
            "admin_password": "P@ssword1234!",
            "admin_username": "azureuser",
            "allow_extension_operations": true,
            "availability_set_id": "",
            "boot_diagnostics": [
              {
                "storage_account_uri": ""
              }
            ],
            "bypass_platform_safety_checks_on_user_schedule_enabled": false,
            "capacity_reservation_group_id": "",
            "computer_name": "rdp-test-vm",
            "custom_data": null,
            "dedicated_host_group_id": "",
            "dedicated_host_id": "",
            "disk_controller_type": "",
            "edge_zone": "",
            "enable_automatic_updates": true,
            "encryption_at_host_enabled": false,
            "eviction_policy": "",
            "extensions_time_budget": "PT1H30M",
            "gallery_application": [],
            "hotpatching_enabled": false,
            "id": "/subscriptions/edd4cc45-85c7-4aec-8bf5-648062d519bf/resourceGroups/rg-transit/providers/Microsoft.Compute/virtualMachines/rdp-test-vm",
            "identity": [],
            "license_type": "",
            "location": "eastus",
            "max_bid_price": -1,
            "name": "rdp-test-vm",
            "network_interface_ids": [
              "/subscriptions/edd4cc45-85c7-4aec-8bf5-648062d519bf/resourceGroups/rg-transit/providers/Microsoft.Network/networkInterfaces/nic-rdp-test"
            ],
            "os_disk": [
              {
                "caching": "ReadWrite",
                "diff_disk_settings": [],
                "disk_encryption_set_id": "",
                "disk_size_gb": 127,
                "id": "/subscriptions/edd4cc45-85c7-4aec-8bf5-648062d519bf/resourceGroups/rg-transit/providers/Microsoft.Compute/disks/rdp-test-vm_OsDisk_1_5ae97363cf044eb89577344c25e3c955",
                "name": "rdp-test-vm_OsDisk_1_5ae97363cf044eb89577344c25e3c955",
                "secure_vm_disk_encryption_set_id": "",
                "security_encryption_type": "",
                "storage_account_type": "Standard_LRS",
                "write_accelerator_enabled": false
              }
            ],
            "os_image_notification": [],
            "patch_assessment_mode": "ImageDefault",
            "patch_mode": "AutomaticByOS",
            "plan": [],
            "platform_fault_domain": -1,
            "priority": "Regular",
            "private_ip_address": "10.2.2.4",
            "private_ip_addresses": [
              "10.2.2.4"
            ],
            "provision_vm_agent": true,
            "proximity_placement_group_id": "",
            "public_ip_address": "",
            "public_ip_addresses": [],
            "reboot_setting": "",
            "resource_group_name": "rg-transit",
            "secret": [],
            "secure_boot_enabled": false,
            "size": "Standard_B2ms",
            "source_image_id": "",
            "source_image_reference": [
              {
                "offer": "WindowsServer",
                "publisher": "MicrosoftWindowsServer",
                "sku": "2019-Datacenter",
                "version": "latest"
              }
            ],
            "tags": null,
            "termination_notification": null,
            "timeouts": null,
            "timezone": "",
            "user_data": "",
            "virtual_machine_id": "a3f8c2ea-362e-47e5-a3e7-03180090812b",
            "virtual_machine_scale_set_id": "",
            "vm_agent_platform_updates_enabled": true,
            "vtpm_enabled": false,
            "winrm_listener": [],
            "zone": ""
          },
          "sensitive_attributes": [
            [
              {
                "type": "get_attr",
                "value": "admin_password"
              }
            ],
            [
              {
                "type": "get_attr",
                "value": "custom_data"
              }
            ]
          ],
          "identity_schema_version": 0,
          "private": "eyJlMmJmYjczMC1lY2FhLTExZTYtOGY4OC0zNDM2M2JjN2M0YzAiOnsiY3JlYXRlIjoyNzAwMDAwMDAwMDAwLCJkZWxldGUiOjI3MDAwMDAwMDAwMDAsInJlYWQiOjMwMDAwMDAwMDAwMCwidXBkYXRlIjoyNzAwMDAwMDAwMDAwfX0=",
          "dependencies": [
            "azurerm_network_interface.vm_nic",
            "azurerm_network_interface_security_group_association.vm_nic_assoc",
            "azurerm_network_security_group.vm_nsg",
            "azurerm_resource_group.tr_rg",
            "azurerm_subnet.tr_vm_subnet",
            "azurerm_virtual_network.tr_vnet"
          ]
        }
      ]
    }
  ],
  "check_results": null
}
