{
  "version": 4,
  "terraform_version": "1.12.2",
  "serial": 222,
  "lineage": "540659b5-3bfd-ad67-fb1a-1df5969fea2e",
  "outputs": {},
  "resources": [
    {
      "mode": "managed",
      "type": "azurerm_network_interface",
      "name": "vm_nic",
      "provider": "provider[\"registry.terraform.io/hashicorp/azurerm\"]",
      "instances": [
        {
          "schema_version": 0,
          "attributes": {
            "accelerated_networking_enabled": false,
            "applied_dns_servers": [],
            "auxiliary_mode": "",
            "auxiliary_sku": "",
            "dns_servers": [],
            "edge_zone": "",
            "id": "/subscriptions/edd4cc45-85c7-4aec-8bf5-648062d519bf/resourceGroups/rg-transit/providers/Microsoft.Network/networkInterfaces/nic-rdp-test",
            "internal_dns_name_label": "",
            "internal_domain_name_suffix": "b5cgb4314zyu3oakjcat15uhrd.bx.internal.cloudapp.net",
            "ip_configuration": [
              {
                "gateway_load_balancer_frontend_ip_configuration_id": "",
                "name": "internal",
                "primary": true,
                "private_ip_address": "10.2.2.4",
                "private_ip_address_allocation": "Dynamic",
                "private_ip_address_version": "IPv4",
                "public_ip_address_id": "/subscriptions/edd4cc45-85c7-4aec-8bf5-648062d519bf/resourceGroups/rg-transit/providers/Microsoft.Network/publicIPAddresses/pip-vnet-transit-eastus-subnet-transit-vm",
                "subnet_id": "/subscriptions/edd4cc45-85c7-4aec-8bf5-648062d519bf/resourceGroups/rg-transit/providers/Microsoft.Network/virtualNetworks/vnet-transit/subnets/subnet-transit-vm"
              }
            ],
            "ip_forwarding_enabled": false,
            "location": "eastus",
            "mac_address": "00-0D-3A-4E-84-81",
            "name": "nic-rdp-test",
            "private_ip_address": "10.2.2.4",
            "private_ip_addresses": [
              "10.2.2.4"
            ],
            "resource_group_name": "rg-transit",
            "tags": {},
            "timeouts": null,
            "virtual_machine_id": "/subscriptions/edd4cc45-85c7-4aec-8bf5-648062d519bf/resourceGroups/rg-transit/providers/Microsoft.Compute/virtualMachines/rdp-test-vm"
          },
          "sensitive_attributes": [],
          "identity_schema_version": 0,
          "identity": {
            "name": "nic-rdp-test",
            "resource_group_name": "rg-transit",
            "subscription_id": "edd4cc45-85c7-4aec-8bf5-648062d519bf"
          },
          "private": "eyJlMmJmYjczMC1lY2FhLTExZTYtOGY4OC0zNDM2M2JjN2M0YzAiOnsiY3JlYXRlIjoxODAwMDAwMDAwMDAwLCJkZWxldGUiOjE4MDAwMDAwMDAwMDAsInJlYWQiOjMwMDAwMDAwMDAwMCwidXBkYXRlIjoxODAwMDAwMDAwMDAwfX0=",
          "dependencies": [
            "azurerm_resource_group.tr_rg",
            "azurerm_subnet.tr_vm_subnet",
            "azurerm_virtual_network.tr_vnet"
          ]
        }
      ]
    },
    {
      "mode": "managed",
      "type": "azurerm_network_interface_security_group_association",
      "name": "vm_nic_assoc",
      "provider": "provider[\"registry.terraform.io/hashicorp/azurerm\"]",
      "instances": [
        {
          "schema_version": 0,
          "attributes": {
            "id": "/subscriptions/edd4cc45-85c7-4aec-8bf5-648062d519bf/resourceGroups/rg-transit/providers/Microsoft.Network/networkInterfaces/nic-rdp-test|/subscriptions/edd4cc45-85c7-4aec-8bf5-648062d519bf/resourceGroups/rg-transit/providers/Microsoft.Network/networkSecurityGroups/nsg-rdp",
            "network_interface_id": "/subscriptions/edd4cc45-85c7-4aec-8bf5-648062d519bf/resourceGroups/rg-transit/providers/Microsoft.Network/networkInterfaces/nic-rdp-test",
            "network_security_group_id": "/subscriptions/edd4cc45-85c7-4aec-8bf5-648062d519bf/resourceGroups/rg-transit/providers/Microsoft.Network/networkSecurityGroups/nsg-rdp",
            "timeouts": null
          },
          "sensitive_attributes": [],
          "identity_schema_version": 0,
          "private": "eyJlMmJmYjczMC1lY2FhLTExZTYtOGY4OC0zNDM2M2JjN2M0YzAiOnsiY3JlYXRlIjoxODAwMDAwMDAwMDAwLCJkZWxldGUiOjE4MDAwMDAwMDAwMDAsInJlYWQiOjMwMDAwMDAwMDAwMH19",
          "dependencies": [
            "azurerm_network_interface.vm_nic",
            "azurerm_network_security_group.vm_nsg",
            "azurerm_resource_group.tr_rg",
            "azurerm_subnet.tr_vm_subnet",
            "azurerm_virtual_network.tr_vnet"
          ]
        }
      ]
    },
    {
      "mode": "managed",
      "type": "azurerm_network_security_group",
      "name": "vm_nsg",
      "provider": "provider[\"registry.terraform.io/hashicorp/azurerm\"]",
      "instances": [
        {
          "schema_version": 0,
          "attributes": {
            "id": "/subscriptions/edd4cc45-85c7-4aec-8bf5-648062d519bf/resourceGroups/rg-transit/providers/Microsoft.Network/networkSecurityGroups/nsg-rdp",
            "location": "eastus",
            "name": "nsg-rdp",
            "resource_group_name": "rg-transit",
            "security_rule": [
              {
                "access": "Allow",
                "description": "",
                "destination_address_prefix": "*",
                "destination_address_prefixes": [],
                "destination_application_security_group_ids": [],
                "destination_port_range": "3389",
                "destination_port_ranges": [],
                "direction": "Inbound",
                "name": "Allow-RDP",
                "priority": 100,
                "protocol": "Tcp",
                "source_address_prefix": "134.238.163.206",
                "source_address_prefixes": [],
                "source_application_security_group_ids": [],
                "source_port_range": "*",
                "source_port_ranges": []
              },
              {
                "access": "Allow",
                "description": "",
                "destination_address_prefix": "*",
                "destination_address_prefixes": [],
                "destination_application_security_group_ids": [],
                "destination_port_range": "3389",
                "destination_port_ranges": [],
                "direction": "Inbound",
                "name": "AllowMyIpAddressRDPInbound",
                "priority": 110,
                "protocol": "Tcp",
                "source_address_prefix": "130.41.224.65",
                "source_address_prefixes": [],
                "source_application_security_group_ids": [],
                "source_port_range": "*",
                "source_port_ranges": []
              }
            ],
            "tags": {},
            "timeouts": null
          },
          "sensitive_attributes": [],
          "identity_schema_version": 0,
          "identity": {
            "name": "nsg-rdp",
            "resource_group_name": "rg-transit",
            "subscription_id": "edd4cc45-85c7-4aec-8bf5-648062d519bf"
          },
          "private": "eyJlMmJmYjczMC1lY2FhLTExZTYtOGY4OC0zNDM2M2JjN2M0YzAiOnsiY3JlYXRlIjoxODAwMDAwMDAwMDAwLCJkZWxldGUiOjE4MDAwMDAwMDAwMDAsInJlYWQiOjMwMDAwMDAwMDAwMCwidXBkYXRlIjoxODAwMDAwMDAwMDAwfX0=",
          "dependencies": [
            "azurerm_resource_group.tr_rg"
          ]
        }
      ]
    },
    {
      "mode": "managed",
      "type": "azurerm_resource_group",
      "name": "tr_rg",
      "provider": "provider[\"registry.terraform.io/hashicorp/azurerm\"]",
      "instances": [
        {
          "schema_version": 0,
          "attributes": {
            "id": "/subscriptions/edd4cc45-85c7-4aec-8bf5-648062d519bf/resourceGroups/rg-transit",
            "location": "eastus",
            "managed_by": "",
            "name": "rg-transit",
            "tags": {},
            "timeouts": null
          },
          "sensitive_attributes": [],
          "identity_schema_version": 0,
          "private": "eyJlMmJmYjczMC1lY2FhLTExZTYtOGY4OC0zNDM2M2JjN2M0YzAiOnsiY3JlYXRlIjo1NDAwMDAwMDAwMDAwLCJkZWxldGUiOjU0MDAwMDAwMDAwMDAsInJlYWQiOjMwMDAwMDAwMDAwMCwidXBkYXRlIjo1NDAwMDAwMDAwMDAwfX0="
        }
      ]
    },
    {
      "mode": "managed",
      "type": "azurerm_resource_group",
      "name": "ws_rg",
      "provider": "provider[\"registry.terraform.io/hashicorp/azurerm\"]",
      "instances": [
        {
          "schema_version": 0,
          "attributes": {
            "id": "/subscriptions/edd4cc45-85c7-4aec-8bf5-648062d519bf/resourceGroups/rg-dbw",
            "location": "eastus",
            "managed_by": "",
            "name": "rg-dbw",
            "tags": {},
            "timeouts": null
          },
          "sensitive_attributes": [],
          "identity_schema_version": 0,
          "private": "eyJlMmJmYjczMC1lY2FhLTExZTYtOGY4OC0zNDM2M2JjN2M0YzAiOnsiY3JlYXRlIjo1NDAwMDAwMDAwMDAwLCJkZWxldGUiOjU0MDAwMDAwMDAwMDAsInJlYWQiOjMwMDAwMDAwMDAwMCwidXBkYXRlIjo1NDAwMDAwMDAwMDAwfX0="
        }
      ]
    },
    {
      "mode": "managed",
      "type": "azurerm_subnet",
      "name": "tr_pe_subnet",
      "provider": "provider[\"registry.terraform.io/hashicorp/azurerm\"]",
      "instances": [
        {
          "schema_version": 0,
          "attributes": {
            "address_prefixes": [
              "10.2.10.0/27"
            ],
            "default_outbound_access_enabled": true,
            "delegation": [],
            "id": "/subscriptions/edd4cc45-85c7-4aec-8bf5-648062d519bf/resourceGroups/rg-transit/providers/Microsoft.Network/virtualNetworks/vnet-transit/subnets/subnet-transit-pe",
            "name": "subnet-transit-pe",
            "private_endpoint_network_policies": "Disabled",
            "private_link_service_network_policies_enabled": true,
            "resource_group_name": "rg-transit",
            "service_endpoint_policy_ids": [],
            "service_endpoints": [],
            "timeouts": null,
            "virtual_network_name": "vnet-transit"
          },
          "sensitive_attributes": [],
          "identity_schema_version": 0,
          "identity": {
            "name": "subnet-transit-pe",
            "resource_group_name": "rg-transit",
            "subscription_id": "edd4cc45-85c7-4aec-8bf5-648062d519bf",
            "virtual_network_name": "vnet-transit"
          },
          "private": "eyJlMmJmYjczMC1lY2FhLTExZTYtOGY4OC0zNDM2M2JjN2M0YzAiOnsiY3JlYXRlIjoxODAwMDAwMDAwMDAwLCJkZWxldGUiOjE4MDAwMDAwMDAwMDAsInJlYWQiOjMwMDAwMDAwMDAwMCwidXBkYXRlIjoxODAwMDAwMDAwMDAwfX0=",
          "dependencies": [
            "azurerm_resource_group.tr_rg",
            "azurerm_virtual_network.tr_vnet"
          ]
        }
      ]
    },
    {
      "mode": "managed",
      "type": "azurerm_subnet",
      "name": "tr_vm_subnet",
      "provider": "provider[\"registry.terraform.io/hashicorp/azurerm\"]",
      "instances": [
        {
          "schema_version": 0,
          "attributes": {
            "address_prefixes": [
              "10.2.2.0/27"
            ],
            "default_outbound_access_enabled": true,
            "delegation": [],
            "id": "/subscriptions/edd4cc45-85c7-4aec-8bf5-648062d519bf/resourceGroups/rg-transit/providers/Microsoft.Network/virtualNetworks/vnet-transit/subnets/subnet-transit-vm",
            "name": "subnet-transit-vm",
            "private_endpoint_network_policies": "Disabled",
            "private_link_service_network_policies_enabled": true,
            "resource_group_name": "rg-transit",
            "service_endpoint_policy_ids": [],
            "service_endpoints": [],
            "timeouts": null,
            "virtual_network_name": "vnet-transit"
          },
          "sensitive_attributes": [],
          "identity_schema_version": 0,
          "identity": {
            "name": "subnet-transit-vm",
            "resource_group_name": "rg-transit",
            "subscription_id": "edd4cc45-85c7-4aec-8bf5-648062d519bf",
            "virtual_network_name": "vnet-transit"
          },
          "private": "eyJlMmJmYjczMC1lY2FhLTExZTYtOGY4OC0zNDM2M2JjN2M0YzAiOnsiY3JlYXRlIjoxODAwMDAwMDAwMDAwLCJkZWxldGUiOjE4MDAwMDAwMDAwMDAsInJlYWQiOjMwMDAwMDAwMDAwMCwidXBkYXRlIjoxODAwMDAwMDAwMDAwfX0=",
          "dependencies": [
            "azurerm_resource_group.tr_rg",
            "azurerm_virtual_network.tr_vnet"
          ]
        }
      ]
    },
    {
      "mode": "managed",
      "type": "azurerm_virtual_network",
      "name": "tr_vnet",
      "provider": "provider[\"registry.terraform.io/hashicorp/azurerm\"]",
      "instances": [
        {
          "schema_version": 0,
          "attributes": {
            "address_space": [
              "10.2.0.0/16"
            ],
            "bgp_community": "",
            "ddos_protection_plan": [],
            "dns_servers": [],
            "edge_zone": "",
            "encryption": [],
            "flow_timeout_in_minutes": 0,
            "guid": "fb60c40f-f6bb-4e71-b80a-48813dfe878b",
            "id": "/subscriptions/edd4cc45-85c7-4aec-8bf5-648062d519bf/resourceGroups/rg-transit/providers/Microsoft.Network/virtualNetworks/vnet-transit",
            "ip_address_pool": [],
            "location": "eastus",
            "name": "vnet-transit",
            "private_endpoint_vnet_policies": "Disabled",
            "resource_group_name": "rg-transit",
            "subnet": [
              {
                "address_prefixes": [
                  "10.2.0.0/24"
                ],
                "default_outbound_access_enabled": true,
                "delegation": [
                  {
                    "name": "databricks",
                    "service_delegation": [
                      {
                        "actions": [
                          "Microsoft.Network/virtualNetworks/subnets/join/action",
                          "Microsoft.Network/virtualNetworks/subnets/prepareNetworkPolicies/action",
                          "Microsoft.Network/virtualNetworks/subnets/unprepareNetworkPolicies/action"
                        ],
                        "name": "Microsoft.Databricks/workspaces"
                      }
                    ]
                  }
                ],
                "id": "/subscriptions/edd4cc45-85c7-4aec-8bf5-648062d519bf/resourceGroups/rg-transit/providers/Microsoft.Network/virtualNetworks/vnet-transit/subnets/public",
                "name": "public",
                "private_endpoint_network_policies": "Disabled",
                "private_link_service_network_policies_enabled": true,
                "route_table_id": "",
                "security_group": "/subscriptions/edd4cc45-85c7-4aec-8bf5-648062d519bf/resourceGroups/rg-transit/providers/Microsoft.Network/networkSecurityGroups/nsg-transit",
                "service_endpoint_policy_ids": [],
                "service_endpoints": []
              },
              {
                "address_prefixes": [
                  "10.2.1.0/24"
                ],
                "default_outbound_access_enabled": true,
                "delegation": [
                  {
                    "name": "databricks",
                    "service_delegation": [
                      {
                        "actions": [
                          "Microsoft.Network/virtualNetworks/subnets/join/action",
                          "Microsoft.Network/virtualNetworks/subnets/prepareNetworkPolicies/action",
                          "Microsoft.Network/virtualNetworks/subnets/unprepareNetworkPolicies/action"
                        ],
                        "name": "Microsoft.Databricks/workspaces"
                      }
                    ]
                  }
                ],
                "id": "/subscriptions/edd4cc45-85c7-4aec-8bf5-648062d519bf/resourceGroups/rg-transit/providers/Microsoft.Network/virtualNetworks/vnet-transit/subnets/private",
                "name": "private",
                "private_endpoint_network_policies": "Disabled",
                "private_link_service_network_policies_enabled": true,
                "route_table_id": "",
                "security_group": "/subscriptions/edd4cc45-85c7-4aec-8bf5-648062d519bf/resourceGroups/rg-transit/providers/Microsoft.Network/networkSecurityGroups/nsg-transit",
                "service_endpoint_policy_ids": [],
                "service_endpoints": []
              },
              {
                "address_prefixes": [
                  "10.2.10.0/27"
                ],
                "default_outbound_access_enabled": true,
                "delegation": [],
                "id": "/subscriptions/edd4cc45-85c7-4aec-8bf5-648062d519bf/resourceGroups/rg-transit/providers/Microsoft.Network/virtualNetworks/vnet-transit/subnets/subnet-transit-pe",
                "name": "subnet-transit-pe",
                "private_endpoint_network_policies": "Disabled",
                "private_link_service_network_policies_enabled": true,
                "route_table_id": "",
                "security_group": "/subscriptions/edd4cc45-85c7-4aec-8bf5-648062d519bf/resourceGroups/rg-transit/providers/Microsoft.Network/networkSecurityGroups/nsg-rdp",
                "service_endpoint_policy_ids": [],
                "service_endpoints": []
              },
              {
                "address_prefixes": [
                  "10.2.2.0/27"
                ],
                "default_outbound_access_enabled": true,
                "delegation": [],
                "id": "/subscriptions/edd4cc45-85c7-4aec-8bf5-648062d519bf/resourceGroups/rg-transit/providers/Microsoft.Network/virtualNetworks/vnet-transit/subnets/subnet-transit-vm",
                "name": "subnet-transit-vm",
                "private_endpoint_network_policies": "Disabled",
                "private_link_service_network_policies_enabled": true,
                "route_table_id": "",
                "security_group": "",
                "service_endpoint_policy_ids": [],
                "service_endpoints": []
              }
            ],
            "tags": {},
            "timeouts": null
          },
          "sensitive_attributes": [],
          "identity_schema_version": 0,
          "identity": {
            "name": "vnet-transit",
            "resource_group_name": "rg-transit",
            "subscription_id": "edd4cc45-85c7-4aec-8bf5-648062d519bf"
          },
          "private": "eyJlMmJmYjczMC1lY2FhLTExZTYtOGY4OC0zNDM2M2JjN2M0YzAiOnsiY3JlYXRlIjoxODAwMDAwMDAwMDAwLCJkZWxldGUiOjE4MDAwMDAwMDAwMDAsInJlYWQiOjMwMDAwMDAwMDAwMCwidXBkYXRlIjoxODAwMDAwMDAwMDAwfX0=",
          "dependencies": [
            "azurerm_resource_group.tr_rg"
          ]
        }
      ]
    }
  ],
  "check_results": null
}
